
Microsoft Visual Studio Solution File, Format Version 12.00
# Visual Studio 2012
Project("{FAE04EC0-301F-11D3-BF4B-00C04F79EFBC}") = "DataAccess", "DataAccess\DataAccess.csproj", "{A2F10EDA-41E1-4261-BBCA-C2F93F755192}"
EndProject
Project("{FAE04EC0-301F-11D3-BF4B-00C04F79EFBC}") = "BusinessLogic", "BusinessLogic\BusinessLogic.csproj", "{04702B57-539F-4690-B868-230A59F370D1}"
EndProject
Project("{FAE04EC0-301F-11D3-BF4B-00C04F79EFBC}") = "MobyEShoppeWeb", "MobyEShoppeWeb\MobyEShoppeWeb.csproj", "{F2B6F55A-0D7B-4165-9089-E59FCF2D68DA}"
EndProject
Project("{FAE04EC0-301F-11D3-BF4B-00C04F79EFBC}") = "MobyCommon", "Common\MobyCommon.csproj", "{3C747C83-6B80-4CAF-8E99-BA9977E1BA5F}"
EndProject
Global
	GlobalSection(SolutionConfigurationPlatforms) = preSolution
		Debug|Any CPU = Debug|Any CPU
		Release|Any CPU = Release|Any CPU
	EndGlobalSection
	GlobalSection(ProjectConfigurationPlatforms) = postSolution
		{A2F10EDA-41E1-4261-BBCA-C2F93F755192}.Debug|Any CPU.ActiveCfg = Debug|Any CPU
		{A2F10EDA-41E1-4261-BBCA-C2F93F755192}.Debug|Any CPU.Build.0 = Debug|Any CPU
		{A2F10EDA-41E1-4261-BBCA-C2F93F755192}.Release|Any CPU.ActiveCfg = Release|Any CPU
		{A2F10EDA-41E1-4261-BBCA-C2F93F755192}.Release|Any CPU.Build.0 = Release|Any CPU
		{04702B57-539F-4690-B868-230A59F370D1}.Debug|Any CPU.ActiveCfg = Debug|Any CPU
		{04702B57-539F-4690-B868-230A59F370D1}.Debug|Any CPU.Build.0 = Debug|Any CPU
		{04702B57-539F-4690-B868-230A59F370D1}.Release|Any CPU.ActiveCfg = Release|Any CPU
		{04702B57-539F-4690-B868-230A59F370D1}.Release|Any CPU.Build.0 = Release|Any CPU
		{F2B6F55A-0D7B-4165-9089-E59FCF2D68DA}.Debug|Any CPU.ActiveCfg = Debug|Any CPU
		{F2B6F55A-0D7B-4165-9089-E59FCF2D68DA}.Debug|Any CPU.Build.0 = Debug|Any CPU
		{F2B6F55A-0D7B-4165-9089-E59FCF2D68DA}.Release|Any CPU.ActiveCfg = Release|Any CPU
		{F2B6F55A-0D7B-4165-9089-E59FCF2D68DA}.Release|Any CPU.Build.0 = Release|Any CPU
		{3C747C83-6B80-4CAF-8E99-BA9977E1BA5F}.Debug|Any CPU.ActiveCfg = Debug|Any CPU
		{3C747C83-6B80-4CAF-8E99-BA9977E1BA5F}.Debug|Any CPU.Build.0 = Debug|Any CPU
		{3C747C83-6B80-4CAF-8E99-BA9977E1BA5F}.Release|Any CPU.ActiveCfg = Release|Any CPU
		{3C747C83-6B80-4CAF-8E99-BA9977E1BA5F}.Release|Any CPU.Build.0 = Release|Any CPU
	EndGlobalSection
	GlobalSection(SolutionProperties) = preSolution
		HideSolutionNode = FALSE
	EndGlobalSection
EndGlobal
